
Microsoft Visual Studio Solution File, Format Version 12.00
# Visual Studio Version 17
VisualStudioVersion = 17.0.31903.59
MinimumVisualStudioVersion = 10.0.40219.1
Project("{2150E333-8FDC-42A3-9474-1A3956D46DE8}") = "src", "src", "{827E0CD3-B72D-47B6-A68D-7590B98EB39B}"
EndProject
Project("{FAE04EC0-301F-11D3-BF4B-00C04F79EFBC}") = "Selmir.MudGridify", "src\Selmir.MudGridify\Selmir.MudGridify.csproj", "{D9CFDACE-51BA-4609-BD58-6C505FD8EBDD}"
EndProject
Project("{FAE04EC0-301F-11D3-BF4B-00C04F79EFBC}") = "Selmir.MudGridify.Playground", "src\Selmir.MudGridify.Playground\Selmir.MudGridify.Playground.csproj", "{91FB63D6-1AE5-4A40-B11C-1EB942174641}"
EndProject
Global
	GlobalSection(SolutionConfigurationPlatforms) = preSolution
		Debug|Any CPU = Debug|Any CPU
		Debug|x64 = Debug|x64
		Debug|x86 = Debug|x86
		Release|Any CPU = Release|Any CPU
		Release|x64 = Release|x64
		Release|x86 = Release|x86
	EndGlobalSection
	GlobalSection(ProjectConfigurationPlatforms) = postSolution
		{D9CFDACE-51BA-4609-BD58-6C505FD8EBDD}.Debug|Any CPU.ActiveCfg = Debug|Any CPU
		{D9CFDACE-51BA-4609-BD58-6C505FD8EBDD}.Debug|Any CPU.Build.0 = Debug|Any CPU
		{D9CFDACE-51BA-4609-BD58-6C505FD8EBDD}.Debug|x64.ActiveCfg = Debug|Any CPU
		{D9CFDACE-51BA-4609-BD58-6C505FD8EBDD}.Debug|x64.Build.0 = Debug|Any CPU
		{D9CFDACE-51BA-4609-BD58-6C505FD8EBDD}.Debug|x86.ActiveCfg = Debug|Any CPU
		{D9CFDACE-51BA-4609-BD58-6C505FD8EBDD}.Debug|x86.Build.0 = Debug|Any CPU
		{D9CFDACE-51BA-4609-BD58-6C505FD8EBDD}.Release|Any CPU.ActiveCfg = Release|Any CPU
		{D9CFDACE-51BA-4609-BD58-6C505FD8EBDD}.Release|Any CPU.Build.0 = Release|Any CPU
		{D9CFDACE-51BA-4609-BD58-6C505FD8EBDD}.Release|x64.ActiveCfg = Release|Any CPU
		{D9CFDACE-51BA-4609-BD58-6C505FD8EBDD}.Release|x64.Build.0 = Release|Any CPU
		{D9CFDACE-51BA-4609-BD58-6C505FD8EBDD}.Release|x86.ActiveCfg = Release|Any CPU
		{D9CFDACE-51BA-4609-BD58-6C505FD8EBDD}.Release|x86.Build.0 = Release|Any CPU
		{91FB63D6-1AE5-4A40-B11C-1EB942174641}.Debug|Any CPU.ActiveCfg = Debug|Any CPU
		{91FB63D6-1AE5-4A40-B11C-1EB942174641}.Debug|Any CPU.Build.0 = Debug|Any CPU
		{91FB63D6-1AE5-4A40-B11C-1EB942174641}.Debug|x64.ActiveCfg = Debug|Any CPU
		{91FB63D6-1AE5-4A40-B11C-1EB942174641}.Debug|x64.Build.0 = Debug|Any CPU
		{91FB63D6-1AE5-4A40-B11C-1EB942174641}.Debug|x86.ActiveCfg = Debug|Any CPU
		{91FB63D6-1AE5-4A40-B11C-1EB942174641}.Debug|x86.Build.0 = Debug|Any CPU
		{91FB63D6-1AE5-4A40-B11C-1EB942174641}.Release|Any CPU.ActiveCfg = Release|Any CPU
		{91FB63D6-1AE5-4A40-B11C-1EB942174641}.Release|Any CPU.Build.0 = Release|Any CPU
		{91FB63D6-1AE5-4A40-B11C-1EB942174641}.Release|x64.ActiveCfg = Release|Any CPU
		{91FB63D6-1AE5-4A40-B11C-1EB942174641}.Release|x64.Build.0 = Release|Any CPU
		{91FB63D6-1AE5-4A40-B11C-1EB942174641}.Release|x86.ActiveCfg = Release|Any CPU
		{91FB63D6-1AE5-4A40-B11C-1EB942174641}.Release|x86.Build.0 = Release|Any CPU
	EndGlobalSection
	GlobalSection(SolutionProperties) = preSolution
		HideSolutionNode = FALSE
	EndGlobalSection
	GlobalSection(NestedProjects) = preSolution
		{D9CFDACE-51BA-4609-BD58-6C505FD8EBDD} = {827E0CD3-B72D-47B6-A68D-7590B98EB39B}
		{91FB63D6-1AE5-4A40-B11C-1EB942174641} = {827E0CD3-B72D-47B6-A68D-7590B98EB39B}
	EndGlobalSection
EndGlobal
